// !$*UTF8*$!
{
	archiveVersion = 1;
	classes = {
	};
	objectVersion = 46;
	objects = {

/* Begin PBXBuildFile section */
		EB9D55B81E9FBD340059360F /* MainView.m in Sources */ = {isa = PBXBuildFile; fileRef = EB9D55B71E9FBD340059360F /* MainView.m */; };
		EBA1D0071EB073F400624988 /* NSColor+CoolEdit.m in Sources */ = {isa = PBXBuildFile; fileRef = EBA1D0061EB073F400624988 /* NSColor+CoolEdit.m */; };
		EBBB3C4F1EA3B35000017D02 /* WaveView.m in Sources */ = {isa = PBXBuildFile; fileRef = EBBB3C4E1EA3B35000017D02 /* WaveView.m */; };
		EBBCBC0F1EB2321B0033BF2F /* AudioEngine.m in Sources */ = {isa = PBXBuildFile; fileRef = EBBCBC0E1EB2321B0033BF2F /* AudioEngine.m */; };
		EBBCBC121EB232B80033BF2F /* AudioToolbox.framework in Frameworks */ = {isa = PBXBuildFile; fileRef = EBBCBC111EB232B80033BF2F /* AudioToolbox.framework */; };
		EBEC51021E9E2BA7003960D8 /* AppDelegate.m in Sources */ = {isa = PBXBuildFile; fileRef = EBEC51011E9E2BA7003960D8 /* AppDelegate.m */; };
		EBEC51051E9E2BA7003960D8 /* main.m in Sources */ = {isa = PBXBuildFile; fileRef = EBEC51041E9E2BA7003960D8 /* main.m */; };
		EBEC51081E9E2BA7003960D8 /* AppController.m in Sources */ = {isa = PBXBuildFile; fileRef = EBEC51071E9E2BA7003960D8 /* AppController.m */; };
		EBEC510A1E9E2BA7003960D8 /* Assets.xcassets in Resources */ = {isa = PBXBuildFile; fileRef = EBEC51091E9E2BA7003960D8 /* Assets.xcassets */; };
		EBEC51151E9E2D06003960D8 /* MainMenu.xib in Resources */ = {isa = PBXBuildFile; fileRef = EBEC51141E9E2D06003960D8 /* MainMenu.xib */; };
/* End PBXBuildFile section */

/* Begin PBXFileReference section */
		EB9D55B61E9FBD340059360F /* MainView.h */ = {isa = PBXFileReference; fileEncoding = 4; lastKnownFileType = sourcecode.c.h; path = MainView.h; sourceTree = "<group>"; };
		EB9D55B71E9FBD340059360F /* MainView.m */ = {isa = PBXFileReference; fileEncoding = 4; lastKnownFileType = sourcecode.c.objc; path = MainView.m; sourceTree = "<group>"; };
		EBA1D0051EB073F400624988 /* NSColor+CoolEdit.h */ = {isa = PBXFileReference; fileEncoding = 4; lastKnownFileType = sourcecode.c.h; path = "NSColor+CoolEdit.h"; sourceTree = "<group>"; };
		EBA1D0061EB073F400624988 /* NSColor+CoolEdit.m */ = {isa = PBXFileReference; fileEncoding = 4; lastKnownFileType = sourcecode.c.objc; path = "NSColor+CoolEdit.m"; sourceTree = "<group>"; };
		EBBB3C4D1EA3B35000017D02 /* WaveView.h */ = {isa = PBXFileReference; fileEncoding = 4; lastKnownFileType = sourcecode.c.h; path = WaveView.h; sourceTree = "<group>"; };
		EBBB3C4E1EA3B35000017D02 /* WaveView.m */ = {isa = PBXFileReference; fileEncoding = 4; lastKnownFileType = sourcecode.c.objc; path = WaveView.m; sourceTree = "<group>"; };
		EBBCBC0D1EB2321B0033BF2F /* AudioEngine.h */ = {isa = PBXFileReference; fileEncoding = 4; lastKnownFileType = sourcecode.c.h; path = AudioEngine.h; sourceTree = "<group>"; };
		EBBCBC0E1EB2321B0033BF2F /* AudioEngine.m */ = {isa = PBXFileReference; fileEncoding = 4; lastKnownFileType = sourcecode.c.objc; path = AudioEngine.m; sourceTree = "<group>"; };
		EBBCBC111EB232B80033BF2F /* AudioToolbox.framework */ = {isa = PBXFileReference; lastKnownFileType = wrapper.framework; name = AudioToolbox.framework; path = System/Library/Frameworks/AudioToolbox.framework; sourceTree = SDKROOT; };
		EBEC50FD1E9E2BA7003960D8 /* Circle Edit.app */ = {isa = PBXFileReference; explicitFileType = wrapper.application; includeInIndex = 0; path = "Circle Edit.app"; sourceTree = BUILT_PRODUCTS_DIR; };
		EBEC51001E9E2BA7003960D8 /* AppDelegate.h */ = {isa = PBXFileReference; lastKnownFileType = sourcecode.c.h; path = AppDelegate.h; sourceTree = "<group>"; };
		EBEC51011E9E2BA7003960D8 /* AppDelegate.m */ = {isa = PBXFileReference; lastKnownFileType = sourcecode.c.objc; path = AppDelegate.m; sourceTree = "<group>"; };
		EBEC51041E9E2BA7003960D8 /* main.m */ = {isa = PBXFileReference; lastKnownFileType = sourcecode.c.objc; path = main.m; sourceTree = "<group>"; };
		EBEC51061E9E2BA7003960D8 /* AppController.h */ = {isa = PBXFileReference; lastKnownFileType = sourcecode.c.h; path = AppController.h; sourceTree = "<group>"; };
		EBEC51071E9E2BA7003960D8 /* AppController.m */ = {isa = PBXFileReference; lastKnownFileType = sourcecode.c.objc; path = AppController.m; sourceTree = "<group>"; };
		EBEC51091E9E2BA7003960D8 /* Assets.xcassets */ = {isa = PBXFileReference; lastKnownFileType = folder.assetcatalog; path = Assets.xcassets; sourceTree = "<group>"; };
		EBEC510E1E9E2BA7003960D8 /* Info.plist */ = {isa = PBXFileReference; lastKnownFileType = text.plist.xml; path = Info.plist; sourceTree = "<group>"; };
		EBEC51141E9E2D06003960D8 /* MainMenu.xib */ = {isa = PBXFileReference; fileEncoding = 4; lastKnownFileType = file.xib; path = MainMenu.xib; sourceTree = "<group>"; };
/* End PBXFileReference section */

/* Begin PBXFrameworksBuildPhase section */
		EBEC50FA1E9E2BA7003960D8 /* Frameworks */ = {
			isa = PBXFrameworksBuildPhase;
			buildActionMask = 2147483647;
			files = (
				EBBCBC121EB232B80033BF2F /* AudioToolbox.framework in Frameworks */,
			);
			runOnlyForDeploymentPostprocessing = 0;
		};
/* End PBXFrameworksBuildPhase section */

/* Begin PBXGroup section */
		EBBCBC101EB232B80033BF2F /* Frameworks */ = {
			isa = PBXGroup;
			children = (
				EBBCBC111EB232B80033BF2F /* AudioToolbox.framework */,
			);
			name = Frameworks;
			sourceTree = "<group>";
		};
		EBEC50F41E9E2BA7003960D8 = {
			isa = PBXGroup;
			children = (
				EBEC50FF1E9E2BA7003960D8 /* Circle Edit */,
				EBEC50FE1E9E2BA7003960D8 /* Products */,
				EBBCBC101EB232B80033BF2F /* Frameworks */,
			);
			sourceTree = "<group>";
		};
		EBEC50FE1E9E2BA7003960D8 /* Products */ = {
			isa = PBXGroup;
			children = (
				EBEC50FD1E9E2BA7003960D8 /* Circle Edit.app */,
			);
			name = Products;
			sourceTree = "<group>";
		};
		EBEC50FF1E9E2BA7003960D8 /* Circle Edit */ = {
			isa = PBXGroup;
			children = (
				EBEC51061E9E2BA7003960D8 /* AppController.h */,
				EBEC51071E9E2BA7003960D8 /* AppController.m */,
				EBBB3C4D1EA3B35000017D02 /* WaveView.h */,
				EBBB3C4E1EA3B35000017D02 /* WaveView.m */,
				EBBCBC0D1EB2321B0033BF2F /* AudioEngine.h */,
				EBBCBC0E1EB2321B0033BF2F /* AudioEngine.m */,
				EBEC51001E9E2BA7003960D8 /* AppDelegate.h */,
				EBEC51011E9E2BA7003960D8 /* AppDelegate.m */,
				EB9D55B61E9FBD340059360F /* MainView.h */,
				EB9D55B71E9FBD340059360F /* MainView.m */,
				EBA1D0051EB073F400624988 /* NSColor+CoolEdit.h */,
				EBA1D0061EB073F400624988 /* NSColor+CoolEdit.m */,
				EBEC51091E9E2BA7003960D8 /* Assets.xcassets */,
				EBEC510E1E9E2BA7003960D8 /* Info.plist */,
				EBEC51141E9E2D06003960D8 /* MainMenu.xib */,
				EBEC51031E9E2BA7003960D8 /* Supporting Files */,
			);
			path = "Circle Edit";
			sourceTree = "<group>";
		};
		EBEC51031E9E2BA7003960D8 /* Supporting Files */ = {
			isa = PBXGroup;
			children = (
				EBEC51041E9E2BA7003960D8 /* main.m */,
			);
			name = "Supporting Files";
			sourceTree = "<group>";
		};
/* End PBXGroup section */

/* Begin PBXNativeTarget section */
		EBEC50FC1E9E2BA7003960D8 /* Circle Edit */ = {
			isa = PBXNativeTarget;
			buildConfigurationList = EBEC51111E9E2BA7003960D8 /* Build configuration list for PBXNativeTarget "Circle Edit" */;
			buildPhases = (
				EBEC50F91E9E2BA7003960D8 /* Sources */,
				EBEC50FA1E9E2BA7003960D8 /* Frameworks */,
				EBEC50FB1E9E2BA7003960D8 /* Resources */,
			);
			buildRules = (
			);
			dependencies = (
			);
			name = "Circle Edit";
			productName = "Dolphin Editor";
			productReference = EBEC50FD1E9E2BA7003960D8 /* Circle Edit.app */;
			productType = "com.apple.product-type.application";
		};
/* End PBXNativeTarget section */

/* Begin PBXProject section */
		EBEC50F51E9E2BA7003960D8 /* Project object */ = {
			isa = PBXProject;
			attributes = {
				LastUpgradeCheck = 0830;
				ORGANIZATIONNAME = kyab;
				TargetAttributes = {
					EBEC50FC1E9E2BA7003960D8 = {
						CreatedOnToolsVersion = 8.3.1;
						ProvisioningStyle = Automatic;
					};
				};
			};
			buildConfigurationList = EBEC50F81E9E2BA7003960D8 /* Build configuration list for PBXProject "Circle Edit" */;
			compatibilityVersion = "Xcode 3.2";
			developmentRegion = English;
			hasScannedForEncodings = 0;
			knownRegions = (
				en,
				Base,
			);
			mainGroup = EBEC50F41E9E2BA7003960D8;
			productRefGroup = EBEC50FE1E9E2BA7003960D8 /* Products */;
			projectDirPath = "";
			projectRoot = "";
			targets = (
				EBEC50FC1E9E2BA7003960D8 /* Circle Edit */,
			);
		};
/* End PBXProject section */

/* Begin PBXResourcesBuildPhase section */
		EBEC50FB1E9E2BA7003960D8 /* Resources */ = {
			isa = PBXResourcesBuildPhase;
			buildActionMask = 2147483647;
			files = (
				EBEC510A1E9E2BA7003960D8 /* Assets.xcassets in Resources */,
				EBEC51151E9E2D06003960D8 /* MainMenu.xib in Resources */,
			);
			runOnlyForDeploymentPostprocessing = 0;
		};
/* End PBXResourcesBuildPhase section */

/* Begin PBXSourcesBuildPhase section */
		EBEC50F91E9E2BA7003960D8 /* Sources */ = {
			isa = PBXSourcesBuildPhase;
			buildActionMask = 2147483647;
			files = (
				EBEC51081E9E2BA7003960D8 /* AppController.m in Sources */,
				EBBB3C4F1EA3B35000017D02 /* WaveView.m in Sources */,
				EB9D55B81E9FBD340059360F /* MainView.m in Sources */,
				EBA1D0071EB073F400624988 /* NSColor+CoolEdit.m in Sources */,
				EBEC51051E9E2BA7003960D8 /* main.m in Sources */,
				EBEC51021E9E2BA7003960D8 /* AppDelegate.m in Sources */,
				EBBCBC0F1EB2321B0033BF2F /* AudioEngine.m in Sources */,
			);
			runOnlyForDeploymentPostprocessing = 0;
		};
/* End PBXSourcesBuildPhase section */

/* Begin XCBuildConfiguration section */
		EBEC510F1E9E2BA7003960D8 /* Debug */ = {
			isa = XCBuildConfiguration;
			buildSettings = {
				ALWAYS_SEARCH_USER_PATHS = NO;
				CLANG_ANALYZER_NONNULL = YES;
				CLANG_ANALYZER_NUMBER_OBJECT_CONVERSION = YES_AGGRESSIVE;
				CLANG_CXX_LANGUAGE_STANDARD = "gnu++0x";
				CLANG_CXX_LIBRARY = "libc++";
				CLANG_ENABLE_MODULES = YES;
				CLANG_ENABLE_OBJC_ARC = YES;
				CLANG_WARN_BOOL_CONVERSION = YES;
				CLANG_WARN_CONSTANT_CONVERSION = YES;
				CLANG_WARN_DIRECT_OBJC_ISA_USAGE = YES_ERROR;
				CLANG_WARN_DOCUMENTATION_COMMENTS = YES;
				CLANG_WARN_EMPTY_BODY = YES;
				CLANG_WARN_ENUM_CONVERSION = YES;
				CLANG_WARN_INFINITE_RECURSION = YES;
				CLANG_WARN_INT_CONVERSION = YES;
				CLANG_WARN_OBJC_ROOT_CLASS = YES_ERROR;
				CLANG_WARN_SUSPICIOUS_MOVE = YES;
				CLANG_WARN_UNREACHABLE_CODE = YES;
				CLANG_WARN__DUPLICATE_METHOD_MATCH = YES;
				CODE_SIGN_IDENTITY = "-";
				COPY_PHASE_STRIP = NO;
				DEBUG_INFORMATION_FORMAT = dwarf;
				ENABLE_STRICT_OBJC_MSGSEND = YES;
				ENABLE_TESTABILITY = YES;
				GCC_C_LANGUAGE_STANDARD = gnu99;
				GCC_DYNAMIC_NO_PIC = NO;
				GCC_NO_COMMON_BLOCKS = YES;
				GCC_OPTIMIZATION_LEVEL = 0;
				GCC_PREPROCESSOR_DEFINITIONS = (
					"DEBUG=1",
					"$(inherited)",
				);
				GCC_WARN_64_TO_32_BIT_CONVERSION = YES;
				GCC_WARN_ABOUT_RETURN_TYPE = YES_ERROR;
				GCC_WARN_UNDECLARED_SELECTOR = YES;
				GCC_WARN_UNINITIALIZED_AUTOS = YES_AGGRESSIVE;
				GCC_WARN_UNUSED_FUNCTION = YES;
				GCC_WARN_UNUSED_VARIABLE = YES;
				MACOSX_DEPLOYMENT_TARGET = 10.12;
				MTL_ENABLE_DEBUG_INFO = YES;
				ONLY_ACTIVE_ARCH = YES;
				SDKROOT = macosx;
			};
			name = Debug;
		};
		EBEC51101E9E2BA7003960D8 /* Release */ = {
			isa = XCBuildConfiguration;
			buildSettings = {
				ALWAYS_SEARCH_USER_PATHS = NO;
				CLANG_ANALYZER_NONNULL = YES;
				CLANG_ANALYZER_NUMBER_OBJECT_CONVERSION = YES_AGGRESSIVE;
				CLANG_CXX_LANGUAGE_STANDARD = "gnu++0x";
				CLANG_CXX_LIBRARY = "libc++";
				CLANG_ENABLE_MODULES = YES;
				CLANG_ENABLE_OBJC_ARC = YES;
				CLANG_WARN_BOOL_CONVERSION = YES;
				CLANG_WARN_CONSTANT_CONVERSION = YES;
				CLANG_WARN_DIRECT_OBJC_ISA_USAGE = YES_ERROR;
				CLANG_WARN_DOCUMENTATION_COMMENTS = YES;
				CLANG_WARN_EMPTY_BODY = YES;
				CLANG_WARN_ENUM_CONVERSION = YES;
				CLANG_WARN_INFINITE_RECURSION = YES;
				CLANG_WARN_INT_CONVERSION = YES;
				CLANG_WARN_OBJC_ROOT_CLASS = YES_ERROR;
				CLANG_WARN_SUSPICIOUS_MOVE = YES;
				CLANG_WARN_UNREACHABLE_CODE = YES;
				CLANG_WARN__DUPLICATE_METHOD_MATCH = YES;
				CODE_SIGN_IDENTITY = "-";
				COPY_PHASE_STRIP = NO;
				DEBUG_INFORMATION_FORMAT = "dwarf-with-dsym";
				ENABLE_NS_ASSERTIONS = NO;
				ENABLE_STRICT_OBJC_MSGSEND = YES;
				GCC_C_LANGUAGE_STANDARD = gnu99;
				GCC_NO_COMMON_BLOCKS = YES;
				GCC_WARN_64_TO_32_BIT_CONVERSION = YES;
				GCC_WARN_ABOUT_RETURN_TYPE = YES_ERROR;
				GCC_WARN_UNDECLARED_SELECTOR = YES;
				GCC_WARN_UNINITIALIZED_AUTOS = YES_AGGRESSIVE;
				GCC_WARN_UNUSED_FUNCTION = YES;
				GCC_WARN_UNUSED_VARIABLE = YES;
				MACOSX_DEPLOYMENT_TARGET = 10.12;
				MTL_ENABLE_DEBUG_INFO = NO;
				SDKROOT = macosx;
			};
			name = Release;
		};
		EBEC51121E9E2BA7003960D8 /* Debug */ = {
			isa = XCBuildConfiguration;
			buildSettings = {
				ASSETCATALOG_COMPILER_APPICON_NAME = AppIcon;
				COMBINE_HIDPI_IMAGES = YES;
				INFOPLIST_FILE = "Circle Edit/Info.plist";
				LD_RUNPATH_SEARCH_PATHS = "$(inherited) @executable_path/../Frameworks";
				PRODUCT_BUNDLE_IDENTIFIER = "com.kyab.Circle-Edit";
				PRODUCT_NAME = "$(TARGET_NAME)";
			};
			name = Debug;
		};
		EBEC51131E9E2BA7003960D8 /* Release */ = {
			isa = XCBuildConfiguration;
			buildSettings = {
				ASSETCATALOG_COMPILER_APPICON_NAME = AppIcon;
				COMBINE_HIDPI_IMAGES = YES;
				INFOPLIST_FILE = "Circle Edit/Info.plist";
				LD_RUNPATH_SEARCH_PATHS = "$(inherited) @executable_path/../Frameworks";
				PRODUCT_BUNDLE_IDENTIFIER = "com.kyab.Circle-Edit";
				PRODUCT_NAME = "$(TARGET_NAME)";
			};
			name = Release;
		};
/* End XCBuildConfiguration section */

/* Begin XCConfigurationList section */
		EBEC50F81E9E2BA7003960D8 /* Build configuration list for PBXProject "Circle Edit" */ = {
			isa = XCConfigurationList;
			buildConfigurations = (
				EBEC510F1E9E2BA7003960D8 /* Debug */,
				EBEC51101E9E2BA7003960D8 /* Release */,
			);
			defaultConfigurationIsVisible = 0;
			defaultConfigurationName = Release;
		};
		EBEC51111E9E2BA7003960D8 /* Build configuration list for PBXNativeTarget "Circle Edit" */ = {
			isa = XCConfigurationList;
			buildConfigurations = (
				EBEC51121E9E2BA7003960D8 /* Debug */,
				EBEC51131E9E2BA7003960D8 /* Release */,
			);
			defaultConfigurationIsVisible = 0;
			defaultConfigurationName = Release;
		};
/* End XCConfigurationList section */
	};
	rootObject = EBEC50F51E9E2BA7003960D8 /* Project object */;
}
